
Microsoft Visual Studio Solution File, Format Version 12.00
# Visual Studio Version 17
VisualStudioVersion = 17.4.33205.214
MinimumVisualStudioVersion = 10.0.40219.1
Project("{FAE04EC0-301F-11D3-BF4B-00C04F79EFBC}") = "opengl", "opengl\opengl.csproj", "{5EF38310-A1AA-4995-8A7B-6B23A4850C60}"
EndProject
Global
	GlobalSection(SolutionConfigurationPlatforms) = preSolution
		Debug|Any CPU = Debug|Any CPU
		Release|Any CPU = Release|Any CPU
	EndGlobalSection
	GlobalSection(ProjectConfigurationPlatforms) = postSolution
		{5EF38310-A1AA-4995-8A7B-6B23A4850C60}.Debug|Any CPU.ActiveCfg = Debug|Any CPU
		{5EF38310-A1AA-4995-8A7B-6B23A4850C60}.Debug|Any CPU.Build.0 = Debug|Any CPU
		{5EF38310-A1AA-4995-8A7B-6B23A4850C60}.Release|Any CPU.ActiveCfg = Release|Any CPU
		{5EF38310-A1AA-4995-8A7B-6B23A4850C60}.Release|Any CPU.Build.0 = Release|Any CPU
	EndGlobalSection
	GlobalSection(SolutionProperties) = preSolution
		HideSolutionNode = FALSE
	EndGlobalSection
	GlobalSection(ExtensibilityGlobals) = postSolution
		SolutionGuid = {D0C4B144-CC5D-47D7-BD92-43BBE6689AB8}
	EndGlobalSection
EndGlobal
